// !$*UTF8*$!
{
	archiveVersion = 1;
	classes = {
	};
	objectVersion = 50;
	objects = {

/* Begin PBXBuildFile section */
		2B25DFC4238B72FA003FDEF7 /* AppDelegate.swift in Sources */ = {isa = PBXBuildFile; fileRef = 2B25DFC3238B72FA003FDEF7 /* AppDelegate.swift */; };
		2B25DFC6238B72FA003FDEF7 /* ARViewController.swift in Sources */ = {isa = PBXBuildFile; fileRef = 2B25DFC5238B72FA003FDEF7 /* ARViewController.swift */; };
		2B25DFC8238B72FA003FDEF7 /* Experience.rcproject in Sources */ = {isa = PBXBuildFile; fileRef = 2B25DFC7238B72FA003FDEF7 /* Experience.rcproject */; };
		2B25DFCB238B72FA003FDEF7 /* Main.storyboard in Resources */ = {isa = PBXBuildFile; fileRef = 2B25DFC9238B72FA003FDEF7 /* Main.storyboard */; };
		2B25DFCD238B72FB003FDEF7 /* Assets.xcassets in Resources */ = {isa = PBXBuildFile; fileRef = 2B25DFCC238B72FB003FDEF7 /* Assets.xcassets */; };
		2B25DFD0238B72FB003FDEF7 /* LaunchScreen.storyboard in Resources */ = {isa = PBXBuildFile; fileRef = 2B25DFCE238B72FB003FDEF7 /* LaunchScreen.storyboard */; };
		2B25DFDB238B72FB003FDEF7 /* realTests.swift in Sources */ = {isa = PBXBuildFile; fileRef = 2B25DFDA238B72FB003FDEF7 /* realTests.swift */; };
		2B25DFE6238B72FB003FDEF7 /* realUITests.swift in Sources */ = {isa = PBXBuildFile; fileRef = 2B25DFE5238B72FB003FDEF7 /* realUITests.swift */; };
		2B25DFF4238B737D003FDEF7 /* ViewController.swift in Sources */ = {isa = PBXBuildFile; fileRef = 2B25DFF3238B737D003FDEF7 /* ViewController.swift */; };
		2BF686AA23A7096F0068E211 /* art.scnassets in Resources */ = {isa = PBXBuildFile; fileRef = 2BF686A923A7096F0068E211 /* art.scnassets */; };
		2BF686B223A7184B0068E211 /* tinko.dae in Resources */ = {isa = PBXBuildFile; fileRef = 2BF686B123A7184B0068E211 /* tinko.dae */; };
/* End PBXBuildFile section */

/* Begin PBXContainerItemProxy section */
		2B25DFD7238B72FB003FDEF7 /* PBXContainerItemProxy */ = {
			isa = PBXContainerItemProxy;
			containerPortal = 2B25DFB8238B72FA003FDEF7 /* Project object */;
			proxyType = 1;
			remoteGlobalIDString = 2B25DFBF238B72FA003FDEF7;
			remoteInfo = real;
		};
		2B25DFE2238B72FB003FDEF7 /* PBXContainerItemProxy */ = {
			isa = PBXContainerItemProxy;
			containerPortal = 2B25DFB8238B72FA003FDEF7 /* Project object */;
			proxyType = 1;
			remoteGlobalIDString = 2B25DFBF238B72FA003FDEF7;
			remoteInfo = real;
		};
/* End PBXContainerItemProxy section */

/* Begin PBXFileReference section */
		2B25DFC0238B72FA003FDEF7 /* real.app */ = {isa = PBXFileReference; explicitFileType = wrapper.application; includeInIndex = 0; path = real.app; sourceTree = BUILT_PRODUCTS_DIR; };
		2B25DFC3238B72FA003FDEF7 /* AppDelegate.swift */ = {isa = PBXFileReference; lastKnownFileType = sourcecode.swift; path = AppDelegate.swift; sourceTree = "<group>"; };
		2B25DFC5238B72FA003FDEF7 /* ARViewController.swift */ = {isa = PBXFileReference; lastKnownFileType = sourcecode.swift; path = ARViewController.swift; sourceTree = "<group>"; };
		2B25DFC7238B72FA003FDEF7 /* Experience.rcproject */ = {isa = PBXFileReference; lastKnownFileType = file.rcproject; path = Experience.rcproject; sourceTree = "<group>"; };
		2B25DFCA238B72FA003FDEF7 /* Base */ = {isa = PBXFileReference; lastKnownFileType = file.storyboard; name = Base; path = Base.lproj/Main.storyboard; sourceTree = "<group>"; };
		2B25DFCC238B72FB003FDEF7 /* Assets.xcassets */ = {isa = PBXFileReference; lastKnownFileType = folder.assetcatalog; path = Assets.xcassets; sourceTree = "<group>"; };
		2B25DFCF238B72FB003FDEF7 /* Base */ = {isa = PBXFileReference; lastKnownFileType = file.storyboard; name = Base; path = Base.lproj/LaunchScreen.storyboard; sourceTree = "<group>"; };
		2B25DFD1238B72FB003FDEF7 /* Info.plist */ = {isa = PBXFileReference; lastKnownFileType = text.plist.xml; path = Info.plist; sourceTree = "<group>"; };
		2B25DFD6238B72FB003FDEF7 /* realTests.xctest */ = {isa = PBXFileReference; explicitFileType = wrapper.cfbundle; includeInIndex = 0; path = realTests.xctest; sourceTree = BUILT_PRODUCTS_DIR; };
		2B25DFDA238B72FB003FDEF7 /* realTests.swift */ = {isa = PBXFileReference; lastKnownFileType = sourcecode.swift; path = realTests.swift; sourceTree = "<group>"; };
		2B25DFDC238B72FB003FDEF7 /* Info.plist */ = {isa = PBXFileReference; lastKnownFileType = text.plist.xml; path = Info.plist; sourceTree = "<group>"; };
		2B25DFE1238B72FB003FDEF7 /* realUITests.xctest */ = {isa = PBXFileReference; explicitFileType = wrapper.cfbundle; includeInIndex = 0; path = realUITests.xctest; sourceTree = BUILT_PRODUCTS_DIR; };
		2B25DFE5238B72FB003FDEF7 /* realUITests.swift */ = {isa = PBXFileReference; lastKnownFileType = sourcecode.swift; path = realUITests.swift; sourceTree = "<group>"; };
		2B25DFE7238B72FB003FDEF7 /* Info.plist */ = {isa = PBXFileReference; lastKnownFileType = text.plist.xml; path = Info.plist; sourceTree = "<group>"; };
		2B25DFF3238B737D003FDEF7 /* ViewController.swift */ = {isa = PBXFileReference; lastKnownFileType = sourcecode.swift; path = ViewController.swift; sourceTree = "<group>"; };
		2BF686A923A7096F0068E211 /* art.scnassets */ = {isa = PBXFileReference; lastKnownFileType = wrapper.scnassets; path = art.scnassets; sourceTree = "<group>"; };
		2BF686B123A7184B0068E211 /* tinko.dae */ = {isa = PBXFileReference; fileEncoding = 4; lastKnownFileType = text.xml.dae; name = tinko.dae; path = ../../tinko.dae; sourceTree = "<group>"; };
/* End PBXFileReference section */

/* Begin PBXFrameworksBuildPhase section */
		2B25DFBD238B72FA003FDEF7 /* Frameworks */ = {
			isa = PBXFrameworksBuildPhase;
			buildActionMask = 2147483647;
			files = (
			);
			runOnlyForDeploymentPostprocessing = 0;
		};
		2B25DFD3238B72FB003FDEF7 /* Frameworks */ = {
			isa = PBXFrameworksBuildPhase;
			buildActionMask = 2147483647;
			files = (
			);
			runOnlyForDeploymentPostprocessing = 0;
		};
		2B25DFDE238B72FB003FDEF7 /* Frameworks */ = {
			isa = PBXFrameworksBuildPhase;
			buildActionMask = 2147483647;
			files = (
			);
			runOnlyForDeploymentPostprocessing = 0;
		};
/* End PBXFrameworksBuildPhase section */

/* Begin PBXGroup section */
		2B25DFB7238B72FA003FDEF7 = {
			isa = PBXGroup;
			children = (
				2B25DFC2238B72FA003FDEF7 /* real */,
				2B25DFD9238B72FB003FDEF7 /* realTests */,
				2B25DFE4238B72FB003FDEF7 /* realUITests */,
				2B25DFC1238B72FA003FDEF7 /* Products */,
			);
			sourceTree = "<group>";
		};
		2B25DFC1238B72FA003FDEF7 /* Products */ = {
			isa = PBXGroup;
			children = (
				2B25DFC0238B72FA003FDEF7 /* real.app */,
				2B25DFD6238B72FB003FDEF7 /* realTests.xctest */,
				2B25DFE1238B72FB003FDEF7 /* realUITests.xctest */,
			);
			name = Products;
			sourceTree = "<group>";
		};
		2B25DFC2238B72FA003FDEF7 /* real */ = {
			isa = PBXGroup;
			children = (
				2BF686B123A7184B0068E211 /* tinko.dae */,
				2B25DFC3238B72FA003FDEF7 /* AppDelegate.swift */,
				2B25DFC5238B72FA003FDEF7 /* ARViewController.swift */,
				2B25DFC7238B72FA003FDEF7 /* Experience.rcproject */,
				2B25DFC9238B72FA003FDEF7 /* Main.storyboard */,
				2B25DFCC238B72FB003FDEF7 /* Assets.xcassets */,
				2B25DFCE238B72FB003FDEF7 /* LaunchScreen.storyboard */,
				2B25DFD1238B72FB003FDEF7 /* Info.plist */,
				2B25DFF3238B737D003FDEF7 /* ViewController.swift */,
				2BF686A923A7096F0068E211 /* art.scnassets */,
			);
			path = real;
			sourceTree = "<group>";
		};
		2B25DFD9238B72FB003FDEF7 /* realTests */ = {
			isa = PBXGroup;
			children = (
				2B25DFDA238B72FB003FDEF7 /* realTests.swift */,
				2B25DFDC238B72FB003FDEF7 /* Info.plist */,
			);
			path = realTests;
			sourceTree = "<group>";
		};
		2B25DFE4238B72FB003FDEF7 /* realUITests */ = {
			isa = PBXGroup;
			children = (
				2B25DFE5238B72FB003FDEF7 /* realUITests.swift */,
				2B25DFE7238B72FB003FDEF7 /* Info.plist */,
			);
			path = realUITests;
			sourceTree = "<group>";
		};
/* End PBXGroup section */

/* Begin PBXNativeTarget section */
		2B25DFBF238B72FA003FDEF7 /* real */ = {
			isa = PBXNativeTarget;
			buildConfigurationList = 2B25DFEA238B72FB003FDEF7 /* Build configuration list for PBXNativeTarget "real" */;
			buildPhases = (
				2B25DFBC238B72FA003FDEF7 /* Sources */,
				2B25DFBD238B72FA003FDEF7 /* Frameworks */,
				2B25DFBE238B72FA003FDEF7 /* Resources */,
			);
			buildRules = (
			);
			dependencies = (
			);
			name = real;
			productName = real;
			productReference = 2B25DFC0238B72FA003FDEF7 /* real.app */;
			productType = "com.apple.product-type.application";
		};
		2B25DFD5238B72FB003FDEF7 /* realTests */ = {
			isa = PBXNativeTarget;
			buildConfigurationList = 2B25DFED238B72FB003FDEF7 /* Build configuration list for PBXNativeTarget "realTests" */;
			buildPhases = (
				2B25DFD2238B72FB003FDEF7 /* Sources */,
				2B25DFD3238B72FB003FDEF7 /* Frameworks */,
				2B25DFD4238B72FB003FDEF7 /* Resources */,
			);
			buildRules = (
			);
			dependencies = (
				2B25DFD8238B72FB003FDEF7 /* PBXTargetDependency */,
			);
			name = realTests;
			productName = realTests;
			productReference = 2B25DFD6238B72FB003FDEF7 /* realTests.xctest */;
			productType = "com.apple.product-type.bundle.unit-test";
		};
		2B25DFE0238B72FB003FDEF7 /* realUITests */ = {
			isa = PBXNativeTarget;
			buildConfigurationList = 2B25DFF0238B72FB003FDEF7 /* Build configuration list for PBXNativeTarget "realUITests" */;
			buildPhases = (
				2B25DFDD238B72FB003FDEF7 /* Sources */,
				2B25DFDE238B72FB003FDEF7 /* Frameworks */,
				2B25DFDF238B72FB003FDEF7 /* Resources */,
			);
			buildRules = (
			);
			dependencies = (
				2B25DFE3238B72FB003FDEF7 /* PBXTargetDependency */,
			);
			name = realUITests;
			productName = realUITests;
			productReference = 2B25DFE1238B72FB003FDEF7 /* realUITests.xctest */;
			productType = "com.apple.product-type.bundle.ui-testing";
		};
/* End PBXNativeTarget section */

/* Begin PBXProject section */
		2B25DFB8238B72FA003FDEF7 /* Project object */ = {
			isa = PBXProject;
			attributes = {
				LastSwiftUpdateCheck = 1120;
				LastUpgradeCheck = 1120;
				ORGANIZATIONNAME = IS10;
				TargetAttributes = {
					2B25DFBF238B72FA003FDEF7 = {
						CreatedOnToolsVersion = 11.2;
					};
					2B25DFD5238B72FB003FDEF7 = {
						CreatedOnToolsVersion = 11.2;
						TestTargetID = 2B25DFBF238B72FA003FDEF7;
					};
					2B25DFE0238B72FB003FDEF7 = {
						CreatedOnToolsVersion = 11.2;
						TestTargetID = 2B25DFBF238B72FA003FDEF7;
					};
				};
			};
			buildConfigurationList = 2B25DFBB238B72FA003FDEF7 /* Build configuration list for PBXProject "real" */;
			compatibilityVersion = "Xcode 9.3";
			developmentRegion = en;
			hasScannedForEncodings = 0;
			knownRegions = (
				en,
				Base,
			);
			mainGroup = 2B25DFB7238B72FA003FDEF7;
			productRefGroup = 2B25DFC1238B72FA003FDEF7 /* Products */;
			projectDirPath = "";
			projectRoot = "";
			targets = (
				2B25DFBF238B72FA003FDEF7 /* real */,
				2B25DFD5238B72FB003FDEF7 /* realTests */,
				2B25DFE0238B72FB003FDEF7 /* realUITests */,
			);
		};
/* End PBXProject section */

/* Begin PBXResourcesBuildPhase section */
		2B25DFBE238B72FA003FDEF7 /* Resources */ = {
			isa = PBXResourcesBuildPhase;
			buildActionMask = 2147483647;
			files = (
				2B25DFD0238B72FB003FDEF7 /* LaunchScreen.storyboard in Resources */,
				2BF686B223A7184B0068E211 /* tinko.dae in Resources */,
				2BF686AA23A7096F0068E211 /* art.scnassets in Resources */,
				2B25DFCD238B72FB003FDEF7 /* Assets.xcassets in Resources */,
				2B25DFCB238B72FA003FDEF7 /* Main.storyboard in Resources */,
			);
			runOnlyForDeploymentPostprocessing = 0;
		};
		2B25DFD4238B72FB003FDEF7 /* Resources */ = {
			isa = PBXResourcesBuildPhase;
			buildActionMask = 2147483647;
			files = (
			);
			runOnlyForDeploymentPostprocessing = 0;
		};
		2B25DFDF238B72FB003FDEF7 /* Resources */ = {
			isa = PBXResourcesBuildPhase;
			buildActionMask = 2147483647;
			files = (
			);
			runOnlyForDeploymentPostprocessing = 0;
		};
/* End PBXResourcesBuildPhase section */

/* Begin PBXSourcesBuildPhase section */
		2B25DFBC238B72FA003FDEF7 /* Sources */ = {
			isa = PBXSourcesBuildPhase;
			buildActionMask = 2147483647;
			files = (
				2B25DFC6238B72FA003FDEF7 /* ARViewController.swift in Sources */,
				2B25DFC4238B72FA003FDEF7 /* AppDelegate.swift in Sources */,
				2B25DFF4238B737D003FDEF7 /* ViewController.swift in Sources */,
				2B25DFC8238B72FA003FDEF7 /* Experience.rcproject in Sources */,
			);
			runOnlyForDeploymentPostprocessing = 0;
		};
		2B25DFD2238B72FB003FDEF7 /* Sources */ = {
			isa = PBXSourcesBuildPhase;
			buildActionMask = 2147483647;
			files = (
				2B25DFDB238B72FB003FDEF7 /* realTests.swift in Sources */,
			);
			runOnlyForDeploymentPostprocessing = 0;
		};
		2B25DFDD238B72FB003FDEF7 /* Sources */ = {
			isa = PBXSourcesBuildPhase;
			buildActionMask = 2147483647;
			files = (
				2B25DFE6238B72FB003FDEF7 /* realUITests.swift in Sources */,
			);
			runOnlyForDeploymentPostprocessing = 0;
		};
/* End PBXSourcesBuildPhase section */

/* Begin PBXTargetDependency section */
		2B25DFD8238B72FB003FDEF7 /* PBXTargetDependency */ = {
			isa = PBXTargetDependency;
			target = 2B25DFBF238B72FA003FDEF7 /* real */;
			targetProxy = 2B25DFD7238B72FB003FDEF7 /* PBXContainerItemProxy */;
		};
		2B25DFE3238B72FB003FDEF7 /* PBXTargetDependency */ = {
			isa = PBXTargetDependency;
			target = 2B25DFBF238B72FA003FDEF7 /* real */;
			targetProxy = 2B25DFE2238B72FB003FDEF7 /* PBXContainerItemProxy */;
		};
/* End PBXTargetDependency section */

/* Begin PBXVariantGroup section */
		2B25DFC9238B72FA003FDEF7 /* Main.storyboard */ = {
			isa = PBXVariantGroup;
			children = (
				2B25DFCA238B72FA003FDEF7 /* Base */,
			);
			name = Main.storyboard;
			sourceTree = "<group>";
		};
		2B25DFCE238B72FB003FDEF7 /* LaunchScreen.storyboard */ = {
			isa = PBXVariantGroup;
			children = (
				2B25DFCF238B72FB003FDEF7 /* Base */,
			);
			name = LaunchScreen.storyboard;
			sourceTree = "<group>";
		};
/* End PBXVariantGroup section */

/* Begin XCBuildConfiguration section */
		2B25DFE8238B72FB003FDEF7 /* Debug */ = {
			isa = XCBuildConfiguration;
			buildSettings = {
				ALWAYS_SEARCH_USER_PATHS = NO;
				CLANG_ANALYZER_NONNULL = YES;
				CLANG_ANALYZER_NUMBER_OBJECT_CONVERSION = YES_AGGRESSIVE;
				CLANG_CXX_LANGUAGE_STANDARD = "gnu++14";
				CLANG_CXX_LIBRARY = "libc++";
				CLANG_ENABLE_MODULES = YES;
				CLANG_ENABLE_OBJC_ARC = YES;
				CLANG_ENABLE_OBJC_WEAK = YES;
				CLANG_WARN_BLOCK_CAPTURE_AUTORELEASING = YES;
				CLANG_WARN_BOOL_CONVERSION = YES;
				CLANG_WARN_COMMA = YES;
				CLANG_WARN_CONSTANT_CONVERSION = YES;
				CLANG_WARN_DEPRECATED_OBJC_IMPLEMENTATIONS = YES;
				CLANG_WARN_DIRECT_OBJC_ISA_USAGE = YES_ERROR;
				CLANG_WARN_DOCUMENTATION_COMMENTS = YES;
				CLANG_WARN_EMPTY_BODY = YES;
				CLANG_WARN_ENUM_CONVERSION = YES;
				CLANG_WARN_INFINITE_RECURSION = YES;
				CLANG_WARN_INT_CONVERSION = YES;
				CLANG_WARN_NON_LITERAL_NULL_CONVERSION = YES;
				CLANG_WARN_OBJC_IMPLICIT_RETAIN_SELF = YES;
				CLANG_WARN_OBJC_LITERAL_CONVERSION = YES;
				CLANG_WARN_OBJC_ROOT_CLASS = YES_ERROR;
				CLANG_WARN_RANGE_LOOP_ANALYSIS = YES;
				CLANG_WARN_STRICT_PROTOTYPES = YES;
				CLANG_WARN_SUSPICIOUS_MOVE = YES;
				CLANG_WARN_UNGUARDED_AVAILABILITY = YES_AGGRESSIVE;
				CLANG_WARN_UNREACHABLE_CODE = YES;
				CLANG_WARN__DUPLICATE_METHOD_MATCH = YES;
				COPY_PHASE_STRIP = NO;
				DEBUG_INFORMATION_FORMAT = dwarf;
				ENABLE_STRICT_OBJC_MSGSEND = YES;
				ENABLE_TESTABILITY = YES;
				GCC_C_LANGUAGE_STANDARD = gnu11;
				GCC_DYNAMIC_NO_PIC = NO;
				GCC_NO_COMMON_BLOCKS = YES;
				GCC_OPTIMIZATION_LEVEL = 0;
				GCC_PREPROCESSOR_DEFINITIONS = (
					"DEBUG=1",
					"$(inherited)",
				);
				GCC_WARN_64_TO_32_BIT_CONVERSION = YES;
				GCC_WARN_ABOUT_RETURN_TYPE = YES_ERROR;
				GCC_WARN_UNDECLARED_SELECTOR = YES;
				GCC_WARN_UNINITIALIZED_AUTOS = YES_AGGRESSIVE;
				GCC_WARN_UNUSED_FUNCTION = YES;
				GCC_WARN_UNUSED_VARIABLE = YES;
				IPHONEOS_DEPLOYMENT_TARGET = 13.2;
				MTL_ENABLE_DEBUG_INFO = INCLUDE_SOURCE;
				MTL_FAST_MATH = YES;
				ONLY_ACTIVE_ARCH = YES;
				SDKROOT = iphoneos;
				SWIFT_ACTIVE_COMPILATION_CONDITIONS = DEBUG;
				SWIFT_OPTIMIZATION_LEVEL = "-Onone";
			};
			name = Debug;
		};
		2B25DFE9238B72FB003FDEF7 /* Release */ = {
			isa = XCBuildConfiguration;
			buildSettings = {
				ALWAYS_SEARCH_USER_PATHS = NO;
				CLANG_ANALYZER_NONNULL = YES;
				CLANG_ANALYZER_NUMBER_OBJECT_CONVERSION = YES_AGGRESSIVE;
				CLANG_CXX_LANGUAGE_STANDARD = "gnu++14";
				CLANG_CXX_LIBRARY = "libc++";
				CLANG_ENABLE_MODULES = YES;
				CLANG_ENABLE_OBJC_ARC = YES;
				CLANG_ENABLE_OBJC_WEAK = YES;
				CLANG_WARN_BLOCK_CAPTURE_AUTORELEASING = YES;
				CLANG_WARN_BOOL_CONVERSION = YES;
				CLANG_WARN_COMMA = YES;
				CLANG_WARN_CONSTANT_CONVERSION = YES;
				CLANG_WARN_DEPRECATED_OBJC_IMPLEMENTATIONS = YES;
				CLANG_WARN_DIRECT_OBJC_ISA_USAGE = YES_ERROR;
				CLANG_WARN_DOCUMENTATION_COMMENTS = YES;
				CLANG_WARN_EMPTY_BODY = YES;
				CLANG_WARN_ENUM_CONVERSION = YES;
				CLANG_WARN_INFINITE_RECURSION = YES;
				CLANG_WARN_INT_CONVERSION = YES;
				CLANG_WARN_NON_LITERAL_NULL_CONVERSION = YES;
				CLANG_WARN_OBJC_IMPLICIT_RETAIN_SELF = YES;
				CLANG_WARN_OBJC_LITERAL_CONVERSION = YES;
				CLANG_WARN_OBJC_ROOT_CLASS = YES_ERROR;
				CLANG_WARN_RANGE_LOOP_ANALYSIS = YES;
				CLANG_WARN_STRICT_PROTOTYPES = YES;
				CLANG_WARN_SUSPICIOUS_MOVE = YES;
				CLANG_WARN_UNGUARDED_AVAILABILITY = YES_AGGRESSIVE;
				CLANG_WARN_UNREACHABLE_CODE = YES;
				CLANG_WARN__DUPLICATE_METHOD_MATCH = YES;
				COPY_PHASE_STRIP = NO;
				DEBUG_INFORMATION_FORMAT = "dwarf-with-dsym";
				ENABLE_NS_ASSERTIONS = NO;
				ENABLE_STRICT_OBJC_MSGSEND = YES;
				GCC_C_LANGUAGE_STANDARD = gnu11;
				GCC_NO_COMMON_BLOCKS = YES;
				GCC_WARN_64_TO_32_BIT_CONVERSION = YES;
				GCC_WARN_ABOUT_RETURN_TYPE = YES_ERROR;
				GCC_WARN_UNDECLARED_SELECTOR = YES;
				GCC_WARN_UNINITIALIZED_AUTOS = YES_AGGRESSIVE;
				GCC_WARN_UNUSED_FUNCTION = YES;
				GCC_WARN_UNUSED_VARIABLE = YES;
				IPHONEOS_DEPLOYMENT_TARGET = 13.2;
				MTL_ENABLE_DEBUG_INFO = NO;
				MTL_FAST_MATH = YES;
				SDKROOT = iphoneos;
				SWIFT_COMPILATION_MODE = wholemodule;
				SWIFT_OPTIMIZATION_LEVEL = "-O";
				VALIDATE_PRODUCT = YES;
			};
			name = Release;
		};
		2B25DFEB238B72FB003FDEF7 /* Debug */ = {
			isa = XCBuildConfiguration;
			buildSettings = {
				ASSETCATALOG_COMPILER_APPICON_NAME = AppIcon;
				CODE_SIGN_IDENTITY = "Apple Development";
				CODE_SIGN_STYLE = Automatic;
				DEVELOPMENT_TEAM = DZS9YMALWA;
				INFOPLIST_FILE = real/Info.plist;
				IPHONEOS_DEPLOYMENT_TARGET = 13.1;
				LD_RUNPATH_SEARCH_PATHS = (
					"$(inherited)",
					"@executable_path/Frameworks",
				);
				PRODUCT_BUNDLE_IDENTIFIER = IS10.real;
				PRODUCT_NAME = "$(TARGET_NAME)";
				PROVISIONING_PROFILE_SPECIFIER = "";
				SWIFT_VERSION = 5.0;
				TARGETED_DEVICE_FAMILY = 1;
			};
			name = Debug;
		};
		2B25DFEC238B72FB003FDEF7 /* Release */ = {
			isa = XCBuildConfiguration;
			buildSettings = {
				ASSETCATALOG_COMPILER_APPICON_NAME = AppIcon;
				CODE_SIGN_IDENTITY = "Apple Development";
				CODE_SIGN_STYLE = Automatic;
				DEVELOPMENT_TEAM = DZS9YMALWA;
				INFOPLIST_FILE = real/Info.plist;
				IPHONEOS_DEPLOYMENT_TARGET = 13.1;
				LD_RUNPATH_SEARCH_PATHS = (
					"$(inherited)",
					"@executable_path/Frameworks",
				);
				PRODUCT_BUNDLE_IDENTIFIER = IS10.real;
				PRODUCT_NAME = "$(TARGET_NAME)";
				PROVISIONING_PROFILE_SPECIFIER = "";
				SWIFT_VERSION = 5.0;
				TARGETED_DEVICE_FAMILY = 1;
			};
			name = Release;
		};
		2B25DFEE238B72FB003FDEF7 /* Debug */ = {
			isa = XCBuildConfiguration;
			buildSettings = {
				ALWAYS_EMBED_SWIFT_STANDARD_LIBRARIES = YES;
				BUNDLE_LOADER = "$(TEST_HOST)";
				CODE_SIGN_STYLE = Automatic;
				DEVELOPMENT_TEAM = DZS9YMALWA;
				INFOPLIST_FILE = realTests/Info.plist;
				IPHONEOS_DEPLOYMENT_TARGET = 13.2;
				LD_RUNPATH_SEARCH_PATHS = (
					"$(inherited)",
					"@executable_path/Frameworks",
					"@loader_path/Frameworks",
				);
				PRODUCT_BUNDLE_IDENTIFIER = IS10.real.realTests;
				PRODUCT_NAME = "$(TARGET_NAME)";
				SWIFT_VERSION = 5.0;
				TARGETED_DEVICE_FAMILY = "1,2";
				TEST_HOST = "$(BUILT_PRODUCTS_DIR)/real.app/real";
			};
			name = Debug;
		};
		2B25DFEF238B72FB003FDEF7 /* Release */ = {
			isa = XCBuildConfiguration;
			buildSettings = {
				ALWAYS_EMBED_SWIFT_STANDARD_LIBRARIES = YES;
				BUNDLE_LOADER = "$(TEST_HOST)";
				CODE_SIGN_STYLE = Automatic;
				DEVELOPMENT_TEAM = DZS9YMALWA;
				INFOPLIST_FILE = realTests/Info.plist;
				IPHONEOS_DEPLOYMENT_TARGET = 13.2;
				LD_RUNPATH_SEARCH_PATHS = (
					"$(inherited)",
					"@executable_path/Frameworks",
					"@loader_path/Frameworks",
				);
				PRODUCT_BUNDLE_IDENTIFIER = IS10.real.realTests;
				PRODUCT_NAME = "$(TARGET_NAME)";
				SWIFT_VERSION = 5.0;
				TARGETED_DEVICE_FAMILY = "1,2";
				TEST_HOST = "$(BUILT_PRODUCTS_DIR)/real.app/real";
			};
			name = Release;
		};
		2B25DFF1238B72FB003FDEF7 /* Debug */ = {
			isa = XCBuildConfiguration;
			buildSettings = {
				ALWAYS_EMBED_SWIFT_STANDARD_LIBRARIES = YES;
				CODE_SIGN_STYLE = Automatic;
				DEVELOPMENT_TEAM = DZS9YMALWA;
				INFOPLIST_FILE = realUITests/Info.plist;
				LD_RUNPATH_SEARCH_PATHS = (
					"$(inherited)",
					"@executable_path/Frameworks",
					"@loader_path/Frameworks",
				);
				PRODUCT_BUNDLE_IDENTIFIER = IS10.real.realUITests;
				PRODUCT_NAME = "$(TARGET_NAME)";
				SWIFT_VERSION = 5.0;
				TARGETED_DEVICE_FAMILY = "1,2";
				TEST_TARGET_NAME = real;
			};
			name = Debug;
		};
		2B25DFF2238B72FB003FDEF7 /* Release */ = {
			isa = XCBuildConfiguration;
			buildSettings = {
				ALWAYS_EMBED_SWIFT_STANDARD_LIBRARIES = YES;
				CODE_SIGN_STYLE = Automatic;
				DEVELOPMENT_TEAM = DZS9YMALWA;
				INFOPLIST_FILE = realUITests/Info.plist;
				LD_RUNPATH_SEARCH_PATHS = (
					"$(inherited)",
					"@executable_path/Frameworks",
					"@loader_path/Frameworks",
				);
				PRODUCT_BUNDLE_IDENTIFIER = IS10.real.realUITests;
				PRODUCT_NAME = "$(TARGET_NAME)";
				SWIFT_VERSION = 5.0;
				TARGETED_DEVICE_FAMILY = "1,2";
				TEST_TARGET_NAME = real;
			};
			name = Release;
		};
/* End XCBuildConfiguration section */

/* Begin XCConfigurationList section */
		2B25DFBB238B72FA003FDEF7 /* Build configuration list for PBXProject "real" */ = {
			isa = XCConfigurationList;
			buildConfigurations = (
				2B25DFE8238B72FB003FDEF7 /* Debug */,
				2B25DFE9238B72FB003FDEF7 /* Release */,
			);
			defaultConfigurationIsVisible = 0;
			defaultConfigurationName = Release;
		};
		2B25DFEA238B72FB003FDEF7 /* Build configuration list for PBXNativeTarget "real" */ = {
			isa = XCConfigurationList;
			buildConfigurations = (
				2B25DFEB238B72FB003FDEF7 /* Debug */,
				2B25DFEC238B72FB003FDEF7 /* Release */,
			);
			defaultConfigurationIsVisible = 0;
			defaultConfigurationName = Release;
		};
		2B25DFED238B72FB003FDEF7 /* Build configuration list for PBXNativeTarget "realTests" */ = {
			isa = XCConfigurationList;
			buildConfigurations = (
				2B25DFEE238B72FB003FDEF7 /* Debug */,
				2B25DFEF238B72FB003FDEF7 /* Release */,
			);
			defaultConfigurationIsVisible = 0;
			defaultConfigurationName = Release;
		};
		2B25DFF0238B72FB003FDEF7 /* Build configuration list for PBXNativeTarget "realUITests" */ = {
			isa = XCConfigurationList;
			buildConfigurations = (
				2B25DFF1238B72FB003FDEF7 /* Debug */,
				2B25DFF2238B72FB003FDEF7 /* Release */,
			);
			defaultConfigurationIsVisible = 0;
			defaultConfigurationName = Release;
		};
/* End XCConfigurationList section */
	};
	rootObject = 2B25DFB8238B72FA003FDEF7 /* Project object */;
}
